// !$*UTF8*$!
{
	archiveVersion = 1;
	classes = {
	};
	objectVersion = 50;
	objects = {

/* Begin PBXBuildFile section */
		3603B6AB243EB0E70042EC1B /* CollectionViewLayout.swift in Sources */ = {isa = PBXBuildFile; fileRef = 3603B6AA243EB0E70042EC1B /* CollectionViewLayout.swift */; };
		3603B6AD243EB3520042EC1B /* PlugsCell.swift in Sources */ = {isa = PBXBuildFile; fileRef = 3603B6AC243EB3520042EC1B /* PlugsCell.swift */; };
		3603B6AF243EB38E0042EC1B /* HeaderViewCollectionReusableView.swift in Sources */ = {isa = PBXBuildFile; fileRef = 3603B6AE243EB38E0042EC1B /* HeaderViewCollectionReusableView.swift */; };
		3603B6B1243EC3820042EC1B /* TitleLabel.swift in Sources */ = {isa = PBXBuildFile; fileRef = 3603B6B0243EC3820042EC1B /* TitleLabel.swift */; };
		3603B6B3243EC5230042EC1B /* PriceLabel.swift in Sources */ = {isa = PBXBuildFile; fileRef = 3603B6B2243EC5230042EC1B /* PriceLabel.swift */; };
		3603B6B7243FB6670042EC1B /* CustomButton.swift in Sources */ = {isa = PBXBuildFile; fileRef = 3603B6B6243FB6670042EC1B /* CustomButton.swift */; };
		3603B6B9243FB9B50042EC1B /* UIViewController+Ext.swift in Sources */ = {isa = PBXBuildFile; fileRef = 3603B6B8243FB9B50042EC1B /* UIViewController+Ext.swift */; };
		363814DB243EA49D000269A6 /* AppDelegate.swift in Sources */ = {isa = PBXBuildFile; fileRef = 363814DA243EA49D000269A6 /* AppDelegate.swift */; };
		363814DD243EA49D000269A6 /* SceneDelegate.swift in Sources */ = {isa = PBXBuildFile; fileRef = 363814DC243EA49D000269A6 /* SceneDelegate.swift */; };
		363814E2243EA49D000269A6 /* Main.storyboard in Resources */ = {isa = PBXBuildFile; fileRef = 363814E0243EA49D000269A6 /* Main.storyboard */; };
		363814E5243EA49D000269A6 /* JetFuelTakeHomeProject.xcdatamodeld in Sources */ = {isa = PBXBuildFile; fileRef = 363814E3243EA49D000269A6 /* JetFuelTakeHomeProject.xcdatamodeld */; };
		363814E7243EA49F000269A6 /* Assets.xcassets in Resources */ = {isa = PBXBuildFile; fileRef = 363814E6243EA49F000269A6 /* Assets.xcassets */; };
		363814EA243EA49F000269A6 /* LaunchScreen.storyboard in Resources */ = {isa = PBXBuildFile; fileRef = 363814E8243EA49F000269A6 /* LaunchScreen.storyboard */; };
		363814F2243EA4CA000269A6 /* PlugsVC.swift in Sources */ = {isa = PBXBuildFile; fileRef = 363814F1243EA4CA000269A6 /* PlugsVC.swift */; };
		363814F4243EA55B000269A6 /* APIData.swift in Sources */ = {isa = PBXBuildFile; fileRef = 363814F3243EA55B000269A6 /* APIData.swift */; };
		363814F6243EA635000269A6 /* NetworkManager.swift in Sources */ = {isa = PBXBuildFile; fileRef = 363814F5243EA635000269A6 /* NetworkManager.swift */; };
/* End PBXBuildFile section */

/* Begin PBXFileReference section */
		3603B6AA243EB0E70042EC1B /* CollectionViewLayout.swift */ = {isa = PBXFileReference; lastKnownFileType = sourcecode.swift; path = CollectionViewLayout.swift; sourceTree = "<group>"; };
		3603B6AC243EB3520042EC1B /* PlugsCell.swift */ = {isa = PBXFileReference; lastKnownFileType = sourcecode.swift; path = PlugsCell.swift; sourceTree = "<group>"; };
		3603B6AE243EB38E0042EC1B /* HeaderViewCollectionReusableView.swift */ = {isa = PBXFileReference; lastKnownFileType = sourcecode.swift; path = HeaderViewCollectionReusableView.swift; sourceTree = "<group>"; };
		3603B6B0243EC3820042EC1B /* TitleLabel.swift */ = {isa = PBXFileReference; lastKnownFileType = sourcecode.swift; path = TitleLabel.swift; sourceTree = "<group>"; };
		3603B6B2243EC5230042EC1B /* PriceLabel.swift */ = {isa = PBXFileReference; lastKnownFileType = sourcecode.swift; path = PriceLabel.swift; sourceTree = "<group>"; };
		3603B6B6243FB6670042EC1B /* CustomButton.swift */ = {isa = PBXFileReference; lastKnownFileType = sourcecode.swift; path = CustomButton.swift; sourceTree = "<group>"; };
		3603B6B8243FB9B50042EC1B /* UIViewController+Ext.swift */ = {isa = PBXFileReference; lastKnownFileType = sourcecode.swift; path = "UIViewController+Ext.swift"; sourceTree = "<group>"; };
		363814D7243EA49D000269A6 /* JetFuelTakeHomeProject.app */ = {isa = PBXFileReference; explicitFileType = wrapper.application; includeInIndex = 0; path = JetFuelTakeHomeProject.app; sourceTree = BUILT_PRODUCTS_DIR; };
		363814DA243EA49D000269A6 /* AppDelegate.swift */ = {isa = PBXFileReference; lastKnownFileType = sourcecode.swift; path = AppDelegate.swift; sourceTree = "<group>"; };
		363814DC243EA49D000269A6 /* SceneDelegate.swift */ = {isa = PBXFileReference; lastKnownFileType = sourcecode.swift; path = SceneDelegate.swift; sourceTree = "<group>"; };
		363814E1243EA49D000269A6 /* Base */ = {isa = PBXFileReference; lastKnownFileType = file.storyboard; name = Base; path = Base.lproj/Main.storyboard; sourceTree = "<group>"; };
		363814E4243EA49D000269A6 /* JetFuelTakeHomeProject.xcdatamodel */ = {isa = PBXFileReference; lastKnownFileType = wrapper.xcdatamodel; path = JetFuelTakeHomeProject.xcdatamodel; sourceTree = "<group>"; };
		363814E6243EA49F000269A6 /* Assets.xcassets */ = {isa = PBXFileReference; lastKnownFileType = folder.assetcatalog; path = Assets.xcassets; sourceTree = "<group>"; };
		363814E9243EA49F000269A6 /* Base */ = {isa = PBXFileReference; lastKnownFileType = file.storyboard; name = Base; path = Base.lproj/LaunchScreen.storyboard; sourceTree = "<group>"; };
		363814EB243EA49F000269A6 /* Info.plist */ = {isa = PBXFileReference; lastKnownFileType = text.plist.xml; path = Info.plist; sourceTree = "<group>"; };
		363814F1243EA4CA000269A6 /* PlugsVC.swift */ = {isa = PBXFileReference; lastKnownFileType = sourcecode.swift; path = PlugsVC.swift; sourceTree = "<group>"; };
		363814F3243EA55B000269A6 /* APIData.swift */ = {isa = PBXFileReference; lastKnownFileType = sourcecode.swift; path = APIData.swift; sourceTree = "<group>"; };
		363814F5243EA635000269A6 /* NetworkManager.swift */ = {isa = PBXFileReference; lastKnownFileType = sourcecode.swift; path = NetworkManager.swift; sourceTree = "<group>"; };
/* End PBXFileReference section */

/* Begin PBXFrameworksBuildPhase section */
		363814D4243EA49D000269A6 /* Frameworks */ = {
			isa = PBXFrameworksBuildPhase;
			buildActionMask = 2147483647;
			files = (
			);
			runOnlyForDeploymentPostprocessing = 0;
		};
/* End PBXFrameworksBuildPhase section */

/* Begin PBXGroup section */
		3603B6BA243FF4430042EC1B /* Views */ = {
			isa = PBXGroup;
			children = (
				3603B6B6243FB6670042EC1B /* CustomButton.swift */,
				3603B6B0243EC3820042EC1B /* TitleLabel.swift */,
				3603B6B2243EC5230042EC1B /* PriceLabel.swift */,
				3603B6AE243EB38E0042EC1B /* HeaderViewCollectionReusableView.swift */,
			);
			path = Views;
			sourceTree = "<group>";
		};
		3603B6BB243FF4570042EC1B /* Models */ = {
			isa = PBXGroup;
			children = (
				363814F3243EA55B000269A6 /* APIData.swift */,
			);
			path = Models;
			sourceTree = "<group>";
		};
		3603B6BC243FF4680042EC1B /* Controllers */ = {
			isa = PBXGroup;
			children = (
				363814F1243EA4CA000269A6 /* PlugsVC.swift */,
			);
			path = Controllers;
			sourceTree = "<group>";
		};
		363814CE243EA49D000269A6 = {
			isa = PBXGroup;
			children = (
				363814D9243EA49D000269A6 /* JetFuelTakeHomeProject */,
				363814D8243EA49D000269A6 /* Products */,
			);
			sourceTree = "<group>";
		};
		363814D8243EA49D000269A6 /* Products */ = {
			isa = PBXGroup;
			children = (
				363814D7243EA49D000269A6 /* JetFuelTakeHomeProject.app */,
			);
			name = Products;
			sourceTree = "<group>";
		};
		363814D9243EA49D000269A6 /* JetFuelTakeHomeProject */ = {
			isa = PBXGroup;
			children = (
				3603B6BC243FF4680042EC1B /* Controllers */,
				3603B6BB243FF4570042EC1B /* Models */,
				3603B6AC243EB3520042EC1B /* PlugsCell.swift */,
				3603B6BA243FF4430042EC1B /* Views */,
				3603B6B8243FB9B50042EC1B /* UIViewController+Ext.swift */,
				363814DA243EA49D000269A6 /* AppDelegate.swift */,
				363814F5243EA635000269A6 /* NetworkManager.swift */,
				363814DC243EA49D000269A6 /* SceneDelegate.swift */,
				363814E0243EA49D000269A6 /* Main.storyboard */,
				363814E6243EA49F000269A6 /* Assets.xcassets */,
				363814E8243EA49F000269A6 /* LaunchScreen.storyboard */,
				363814EB243EA49F000269A6 /* Info.plist */,
				363814E3243EA49D000269A6 /* JetFuelTakeHomeProject.xcdatamodeld */,
				3603B6AA243EB0E70042EC1B /* CollectionViewLayout.swift */,
			);
			path = JetFuelTakeHomeProject;
			sourceTree = "<group>";
		};
/* End PBXGroup section */

/* Begin PBXNativeTarget section */
		363814D6243EA49D000269A6 /* JetFuelTakeHomeProject */ = {
			isa = PBXNativeTarget;
			buildConfigurationList = 363814EE243EA49F000269A6 /* Build configuration list for PBXNativeTarget "JetFuelTakeHomeProject" */;
			buildPhases = (
				363814D3243EA49D000269A6 /* Sources */,
				363814D4243EA49D000269A6 /* Frameworks */,
				363814D5243EA49D000269A6 /* Resources */,
			);
			buildRules = (
			);
			dependencies = (
			);
			name = JetFuelTakeHomeProject;
			productName = JetFuelTakeHomeProject;
			productReference = 363814D7243EA49D000269A6 /* JetFuelTakeHomeProject.app */;
			productType = "com.apple.product-type.application";
		};
/* End PBXNativeTarget section */

/* Begin PBXProject section */
		363814CF243EA49D000269A6 /* Project object */ = {
			isa = PBXProject;
			attributes = {
				LastSwiftUpdateCheck = 1140;
				LastUpgradeCheck = 1140;
				ORGANIZATIONNAME = "Tayler Moosa";
				TargetAttributes = {
					363814D6243EA49D000269A6 = {
						CreatedOnToolsVersion = 11.4;
					};
				};
			};
			buildConfigurationList = 363814D2243EA49D000269A6 /* Build configuration list for PBXProject "JetFuelTakeHomeProject" */;
			compatibilityVersion = "Xcode 9.3";
			developmentRegion = en;
			hasScannedForEncodings = 0;
			knownRegions = (
				en,
				Base,
			);
			mainGroup = 363814CE243EA49D000269A6;
			productRefGroup = 363814D8243EA49D000269A6 /* Products */;
			projectDirPath = "";
			projectRoot = "";
			targets = (
				363814D6243EA49D000269A6 /* JetFuelTakeHomeProject */,
			);
		};
/* End PBXProject section */

/* Begin PBXResourcesBuildPhase section */
		363814D5243EA49D000269A6 /* Resources */ = {
			isa = PBXResourcesBuildPhase;
			buildActionMask = 2147483647;
			files = (
				363814EA243EA49F000269A6 /* LaunchScreen.storyboard in Resources */,
				363814E7243EA49F000269A6 /* Assets.xcassets in Resources */,
				363814E2243EA49D000269A6 /* Main.storyboard in Resources */,
			);
			runOnlyForDeploymentPostprocessing = 0;
		};
/* End PBXResourcesBuildPhase section */

/* Begin PBXSourcesBuildPhase section */
		363814D3243EA49D000269A6 /* Sources */ = {
			isa = PBXSourcesBuildPhase;
			buildActionMask = 2147483647;
			files = (
				363814F6243EA635000269A6 /* NetworkManager.swift in Sources */,
				3603B6B9243FB9B50042EC1B /* UIViewController+Ext.swift in Sources */,
				3603B6B3243EC5230042EC1B /* PriceLabel.swift in Sources */,
				363814F2243EA4CA000269A6 /* PlugsVC.swift in Sources */,
				3603B6AB243EB0E70042EC1B /* CollectionViewLayout.swift in Sources */,
				3603B6B1243EC3820042EC1B /* TitleLabel.swift in Sources */,
				363814DB243EA49D000269A6 /* AppDelegate.swift in Sources */,
				363814DD243EA49D000269A6 /* SceneDelegate.swift in Sources */,
				3603B6AD243EB3520042EC1B /* PlugsCell.swift in Sources */,
				3603B6B7243FB6670042EC1B /* CustomButton.swift in Sources */,
				3603B6AF243EB38E0042EC1B /* HeaderViewCollectionReusableView.swift in Sources */,
				363814F4243EA55B000269A6 /* APIData.swift in Sources */,
				363814E5243EA49D000269A6 /* JetFuelTakeHomeProject.xcdatamodeld in Sources */,
			);
			runOnlyForDeploymentPostprocessing = 0;
		};
/* End PBXSourcesBuildPhase section */

/* Begin PBXVariantGroup section */
		363814E0243EA49D000269A6 /* Main.storyboard */ = {
			isa = PBXVariantGroup;
			children = (
				363814E1243EA49D000269A6 /* Base */,
			);
			name = Main.storyboard;
			sourceTree = "<group>";
		};
		363814E8243EA49F000269A6 /* LaunchScreen.storyboard */ = {
			isa = PBXVariantGroup;
			children = (
				363814E9243EA49F000269A6 /* Base */,
			);
			name = LaunchScreen.storyboard;
			sourceTree = "<group>";
		};
/* End PBXVariantGroup section */

/* Begin XCBuildConfiguration section */
		363814EC243EA49F000269A6 /* Debug */ = {
			isa = XCBuildConfiguration;
			buildSettings = {
				ALWAYS_SEARCH_USER_PATHS = NO;
				CLANG_ANALYZER_NONNULL = YES;
				CLANG_ANALYZER_NUMBER_OBJECT_CONVERSION = YES_AGGRESSIVE;
				CLANG_CXX_LANGUAGE_STANDARD = "gnu++14";
				CLANG_CXX_LIBRARY = "libc++";
				CLANG_ENABLE_MODULES = YES;
				CLANG_ENABLE_OBJC_ARC = YES;
				CLANG_ENABLE_OBJC_WEAK = YES;
				CLANG_WARN_BLOCK_CAPTURE_AUTORELEASING = YES;
				CLANG_WARN_BOOL_CONVERSION = YES;
				CLANG_WARN_COMMA = YES;
				CLANG_WARN_CONSTANT_CONVERSION = YES;
				CLANG_WARN_DEPRECATED_OBJC_IMPLEMENTATIONS = YES;
				CLANG_WARN_DIRECT_OBJC_ISA_USAGE = YES_ERROR;
				CLANG_WARN_DOCUMENTATION_COMMENTS = YES;
				CLANG_WARN_EMPTY_BODY = YES;
				CLANG_WARN_ENUM_CONVERSION = YES;
				CLANG_WARN_INFINITE_RECURSION = YES;
				CLANG_WARN_INT_CONVERSION = YES;
				CLANG_WARN_NON_LITERAL_NULL_CONVERSION = YES;
				CLANG_WARN_OBJC_IMPLICIT_RETAIN_SELF = YES;
				CLANG_WARN_OBJC_LITERAL_CONVERSION = YES;
				CLANG_WARN_OBJC_ROOT_CLASS = YES_ERROR;
				CLANG_WARN_RANGE_LOOP_ANALYSIS = YES;
				CLANG_WARN_STRICT_PROTOTYPES = YES;
				CLANG_WARN_SUSPICIOUS_MOVE = YES;
				CLANG_WARN_UNGUARDED_AVAILABILITY = YES_AGGRESSIVE;
				CLANG_WARN_UNREACHABLE_CODE = YES;
				CLANG_WARN__DUPLICATE_METHOD_MATCH = YES;
				COPY_PHASE_STRIP = NO;
				DEBUG_INFORMATION_FORMAT = dwarf;
				ENABLE_STRICT_OBJC_MSGSEND = YES;
				ENABLE_TESTABILITY = YES;
				GCC_C_LANGUAGE_STANDARD = gnu11;
				GCC_DYNAMIC_NO_PIC = NO;
				GCC_NO_COMMON_BLOCKS = YES;
				GCC_OPTIMIZATION_LEVEL = 0;
				GCC_PREPROCESSOR_DEFINITIONS = (
					"DEBUG=1",
					"$(inherited)",
				);
				GCC_WARN_64_TO_32_BIT_CONVERSION = YES;
				GCC_WARN_ABOUT_RETURN_TYPE = YES_ERROR;
				GCC_WARN_UNDECLARED_SELECTOR = YES;
				GCC_WARN_UNINITIALIZED_AUTOS = YES_AGGRESSIVE;
				GCC_WARN_UNUSED_FUNCTION = YES;
				GCC_WARN_UNUSED_VARIABLE = YES;
				IPHONEOS_DEPLOYMENT_TARGET = 13.4;
				MTL_ENABLE_DEBUG_INFO = INCLUDE_SOURCE;
				MTL_FAST_MATH = YES;
				ONLY_ACTIVE_ARCH = YES;
				SDKROOT = iphoneos;
				SWIFT_ACTIVE_COMPILATION_CONDITIONS = DEBUG;
				SWIFT_OPTIMIZATION_LEVEL = "-Onone";
			};
			name = Debug;
		};
		363814ED243EA49F000269A6 /* Release */ = {
			isa = XCBuildConfiguration;
			buildSettings = {
				ALWAYS_SEARCH_USER_PATHS = NO;
				CLANG_ANALYZER_NONNULL = YES;
				CLANG_ANALYZER_NUMBER_OBJECT_CONVERSION = YES_AGGRESSIVE;
				CLANG_CXX_LANGUAGE_STANDARD = "gnu++14";
				CLANG_CXX_LIBRARY = "libc++";
				CLANG_ENABLE_MODULES = YES;
				CLANG_ENABLE_OBJC_ARC = YES;
				CLANG_ENABLE_OBJC_WEAK = YES;
				CLANG_WARN_BLOCK_CAPTURE_AUTORELEASING = YES;
				CLANG_WARN_BOOL_CONVERSION = YES;
				CLANG_WARN_COMMA = YES;
				CLANG_WARN_CONSTANT_CONVERSION = YES;
				CLANG_WARN_DEPRECATED_OBJC_IMPLEMENTATIONS = YES;
				CLANG_WARN_DIRECT_OBJC_ISA_USAGE = YES_ERROR;
				CLANG_WARN_DOCUMENTATION_COMMENTS = YES;
				CLANG_WARN_EMPTY_BODY = YES;
				CLANG_WARN_ENUM_CONVERSION = YES;
				CLANG_WARN_INFINITE_RECURSION = YES;
				CLANG_WARN_INT_CONVERSION = YES;
				CLANG_WARN_NON_LITERAL_NULL_CONVERSION = YES;
				CLANG_WARN_OBJC_IMPLICIT_RETAIN_SELF = YES;
				CLANG_WARN_OBJC_LITERAL_CONVERSION = YES;
				CLANG_WARN_OBJC_ROOT_CLASS = YES_ERROR;
				CLANG_WARN_RANGE_LOOP_ANALYSIS = YES;
				CLANG_WARN_STRICT_PROTOTYPES = YES;
				CLANG_WARN_SUSPICIOUS_MOVE = YES;
				CLANG_WARN_UNGUARDED_AVAILABILITY = YES_AGGRESSIVE;
				CLANG_WARN_UNREACHABLE_CODE = YES;
				CLANG_WARN__DUPLICATE_METHOD_MATCH = YES;
				COPY_PHASE_STRIP = NO;
				DEBUG_INFORMATION_FORMAT = "dwarf-with-dsym";
				ENABLE_NS_ASSERTIONS = NO;
				ENABLE_STRICT_OBJC_MSGSEND = YES;
				GCC_C_LANGUAGE_STANDARD = gnu11;
				GCC_NO_COMMON_BLOCKS = YES;
				GCC_WARN_64_TO_32_BIT_CONVERSION = YES;
				GCC_WARN_ABOUT_RETURN_TYPE = YES_ERROR;
				GCC_WARN_UNDECLARED_SELECTOR = YES;
				GCC_WARN_UNINITIALIZED_AUTOS = YES_AGGRESSIVE;
				GCC_WARN_UNUSED_FUNCTION = YES;
				GCC_WARN_UNUSED_VARIABLE = YES;
				IPHONEOS_DEPLOYMENT_TARGET = 13.4;
				MTL_ENABLE_DEBUG_INFO = NO;
				MTL_FAST_MATH = YES;
				SDKROOT = iphoneos;
				SWIFT_COMPILATION_MODE = wholemodule;
				SWIFT_OPTIMIZATION_LEVEL = "-O";
				VALIDATE_PRODUCT = YES;
			};
			name = Release;
		};
		363814EF243EA49F000269A6 /* Debug */ = {
			isa = XCBuildConfiguration;
			buildSettings = {
				ASSETCATALOG_COMPILER_APPICON_NAME = AppIcon;
				CODE_SIGN_STYLE = Automatic;
				DEVELOPMENT_TEAM = BY6XXMF6G6;
				INFOPLIST_FILE = JetFuelTakeHomeProject/Info.plist;
				LD_RUNPATH_SEARCH_PATHS = (
					"$(inherited)",
					"@executable_path/Frameworks",
				);
				PRODUCT_BUNDLE_IDENTIFIER = com.seraphoxsolutions.JetFuelTakeHomeProject;
				PRODUCT_NAME = "$(TARGET_NAME)";
				SWIFT_VERSION = 5.0;
				TARGETED_DEVICE_FAMILY = "1,2";
			};
			name = Debug;
		};
		363814F0243EA49F000269A6 /* Release */ = {
			isa = XCBuildConfiguration;
			buildSettings = {
				ASSETCATALOG_COMPILER_APPICON_NAME = AppIcon;
				CODE_SIGN_STYLE = Automatic;
				DEVELOPMENT_TEAM = BY6XXMF6G6;
				INFOPLIST_FILE = JetFuelTakeHomeProject/Info.plist;
				LD_RUNPATH_SEARCH_PATHS = (
					"$(inherited)",
					"@executable_path/Frameworks",
				);
				PRODUCT_BUNDLE_IDENTIFIER = com.seraphoxsolutions.JetFuelTakeHomeProject;
				PRODUCT_NAME = "$(TARGET_NAME)";
				SWIFT_VERSION = 5.0;
				TARGETED_DEVICE_FAMILY = "1,2";
			};
			name = Release;
		};
/* End XCBuildConfiguration section */

/* Begin XCConfigurationList section */
		363814D2243EA49D000269A6 /* Build configuration list for PBXProject "JetFuelTakeHomeProject" */ = {
			isa = XCConfigurationList;
			buildConfigurations = (
				363814EC243EA49F000269A6 /* Debug */,
				363814ED243EA49F000269A6 /* Release */,
			);
			defaultConfigurationIsVisible = 0;
			defaultConfigurationName = Release;
		};
		363814EE243EA49F000269A6 /* Build configuration list for PBXNativeTarget "JetFuelTakeHomeProject" */ = {
			isa = XCConfigurationList;
			buildConfigurations = (
				363814EF243EA49F000269A6 /* Debug */,
				363814F0243EA49F000269A6 /* Release */,
			);
			defaultConfigurationIsVisible = 0;
			defaultConfigurationName = Release;
		};
/* End XCConfigurationList section */

/* Begin XCVersionGroup section */
		363814E3243EA49D000269A6 /* JetFuelTakeHomeProject.xcdatamodeld */ = {
			isa = XCVersionGroup;
			children = (
				363814E4243EA49D000269A6 /* JetFuelTakeHomeProject.xcdatamodel */,
			);
			currentVersion = 363814E4243EA49D000269A6 /* JetFuelTakeHomeProject.xcdatamodel */;
			path = JetFuelTakeHomeProject.xcdatamodeld;
			sourceTree = "<group>";
			versionGroupType = wrapper.xcdatamodel;
		};
/* End XCVersionGroup section */
	};
	rootObject = 363814CF243EA49D000269A6 /* Project object */;
}
